// !$*UTF8*$!
{
	archiveVersion = 1;
	classes = {
	};
	objectVersion = 77;
	objects = {

/* Begin PBXContainerItemProxy section */
		DD97C77D2ECEDF640062B84A /* PBXContainerItemProxy */ = {
			isa = PBXContainerItemProxy;
			containerPortal = DD97C7672ECEDF620062B84A /* Project object */;
			proxyType = 1;
			remoteGlobalIDString = DD97C76E2ECEDF620062B84A;
			remoteInfo = Audioo;
		};
		DD97C7872ECEDF640062B84A /* PBXContainerItemProxy */ = {
			isa = PBXContainerItemProxy;
			containerPortal = DD97C7672ECEDF620062B84A /* Project object */;
			proxyType = 1;
			remoteGlobalIDString = DD97C76E2ECEDF620062B84A;
			remoteInfo = Audioo;
		};
/* End PBXContainerItemProxy section */

/* Begin PBXFileReference section */
		DD97C76F2ECEDF620062B84A /* Audioo.app */ = {isa = PBXFileReference; explicitFileType = wrapper.application; includeInIndex = 0; path = Audioo.app; sourceTree = BUILT_PRODUCTS_DIR; };
		DD97C77C2ECEDF640062B84A /* AudiooTests.xctest */ = {isa = PBXFileReference; explicitFileType = wrapper.cfbundle; includeInIndex = 0; path = AudiooTests.xctest; sourceTree = BUILT_PRODUCTS_DIR; };
		DD97C7862ECEDF640062B84A /* AudiooUITests.xctest */ = {isa = PBXFileReference; explicitFileType = wrapper.cfbundle; includeInIndex = 0; path = AudiooUITests.xctest; sourceTree = BUILT_PRODUCTS_DIR; };
/* End PBXFileReference section */

/* Begin PBXFileSystemSynchronizedRootGroup section */
		DD97C7712ECEDF620062B84A /* Audioo */ = {
			isa = PBXFileSystemSynchronizedRootGroup;
			path = Audioo;
			sourceTree = "<group>";
		};
		DD97C77F2ECEDF640062B84A /* AudiooTests */ = {
			isa = PBXFileSystemSynchronizedRootGroup;
			path = AudiooTests;
			sourceTree = "<group>";
		};
		DD97C7892ECEDF640062B84A /* AudiooUITests */ = {
			isa = PBXFileSystemSynchronizedRootGroup;
			path = AudiooUITests;
			sourceTree = "<group>";
		};
/* End PBXFileSystemSynchronizedRootGroup section */

/* Begin PBXFrameworksBuildPhase section */
		DD97C76C2ECEDF620062B84A /* Frameworks */ = {
			isa = PBXFrameworksBuildPhase;
			buildActionMask = 2147483647;
			files = (
			);
			runOnlyForDeploymentPostprocessing = 0;
		};
		DD97C7792ECEDF640062B84A /* Frameworks */ = {
			isa = PBXFrameworksBuildPhase;
			buildActionMask = 2147483647;
			files = (
			);
			runOnlyForDeploymentPostprocessing = 0;
		};
		DD97C7832ECEDF640062B84A /* Frameworks */ = {
			isa = PBXFrameworksBuildPhase;
			buildActionMask = 2147483647;
			files = (
			);
			runOnlyForDeploymentPostprocessing = 0;
		};
/* End PBXFrameworksBuildPhase section */

/* Begin PBXGroup section */
		DD97C7662ECEDF620062B84A = {
			isa = PBXGroup;
			children = (
				DD97C7712ECEDF620062B84A /* Audioo */,
				DD97C77F2ECEDF640062B84A /* AudiooTests */,
				DD97C7892ECEDF640062B84A /* AudiooUITests */,
				DD97C7702ECEDF620062B84A /* Products */,
			);
			sourceTree = "<group>";
		};
		DD97C7702ECEDF620062B84A /* Products */ = {
			isa = PBXGroup;
			children = (
				DD97C76F2ECEDF620062B84A /* Audioo.app */,
				DD97C77C2ECEDF640062B84A /* AudiooTests.xctest */,
				DD97C7862ECEDF640062B84A /* AudiooUITests.xctest */,
			);
			name = Products;
			sourceTree = "<group>";
		};
/* End PBXGroup section */

/* Begin PBXNativeTarget section */
		DD97C76E2ECEDF620062B84A /* Audioo */ = {
			isa = PBXNativeTarget;
			buildConfigurationList = DD97C7902ECEDF640062B84A /* Build configuration list for PBXNativeTarget "Audioo" */;
			buildPhases = (
				DD97C76B2ECEDF620062B84A /* Sources */,
				DD97C76C2ECEDF620062B84A /* Frameworks */,
				DD97C76D2ECEDF620062B84A /* Resources */,
			);
			buildRules = (
			);
			dependencies = (
			);
			fileSystemSynchronizedGroups = (
				DD97C7712ECEDF620062B84A /* Audioo */,
			);
			name = Audioo;
			packageProductDependencies = (
			);
			productName = Audioo;
			productReference = DD97C76F2ECEDF620062B84A /* Audioo.app */;
			productType = "com.apple.product-type.application";
		};
		DD97C77B2ECEDF640062B84A /* AudiooTests */ = {
			isa = PBXNativeTarget;
			buildConfigurationList = DD97C7932ECEDF640062B84A /* Build configuration list for PBXNativeTarget "AudiooTests" */;
			buildPhases = (
				DD97C7782ECEDF640062B84A /* Sources */,
				DD97C7792ECEDF640062B84A /* Frameworks */,
				DD97C77A2ECEDF640062B84A /* Resources */,
			);
			buildRules = (
			);
			dependencies = (
				DD97C77E2ECEDF640062B84A /* PBXTargetDependency */,
			);
			fileSystemSynchronizedGroups = (
				DD97C77F2ECEDF640062B84A /* AudiooTests */,
			);
			name = AudiooTests;
			packageProductDependencies = (
			);
			productName = AudiooTests;
			productReference = DD97C77C2ECEDF640062B84A /* AudiooTests.xctest */;
			productType = "com.apple.product-type.bundle.unit-test";
		};
		DD97C7852ECEDF640062B84A /* AudiooUITests */ = {
			isa = PBXNativeTarget;
			buildConfigurationList = DD97C7962ECEDF640062B84A /* Build configuration list for PBXNativeTarget "AudiooUITests" */;
			buildPhases = (
				DD97C7822ECEDF640062B84A /* Sources */,
				DD97C7832ECEDF640062B84A /* Frameworks */,
				DD97C7842ECEDF640062B84A /* Resources */,
			);
			buildRules = (
			);
			dependencies = (
				DD97C7882ECEDF640062B84A /* PBXTargetDependency */,
			);
			fileSystemSynchronizedGroups = (
				DD97C7892ECEDF640062B84A /* AudiooUITests */,
			);
			name = AudiooUITests;
			packageProductDependencies = (
			);
			productName = AudiooUITests;
			productReference = DD97C7862ECEDF640062B84A /* AudiooUITests.xctest */;
			productType = "com.apple.product-type.bundle.ui-testing";
		};
/* End PBXNativeTarget section */

/* Begin PBXProject section */
		DD97C7672ECEDF620062B84A /* Project object */ = {
			isa = PBXProject;
			attributes = {
				BuildIndependentTargetsInParallel = 1;
				LastSwiftUpdateCheck = 1630;
				LastUpgradeCheck = 1630;
				TargetAttributes = {
					DD97C76E2ECEDF620062B84A = {
						CreatedOnToolsVersion = 16.3;
					};
					DD97C77B2ECEDF640062B84A = {
						CreatedOnToolsVersion = 16.3;
						TestTargetID = DD97C76E2ECEDF620062B84A;
					};
					DD97C7852ECEDF640062B84A = {
						CreatedOnToolsVersion = 16.3;
						TestTargetID = DD97C76E2ECEDF620062B84A;
					};
				};
			};
			buildConfigurationList = DD97C76A2ECEDF620062B84A /* Build configuration list for PBXProject "Audioo" */;
			developmentRegion = en;
			hasScannedForEncodings = 0;
			knownRegions = (
				en,
				Base,
			);
			mainGroup = DD97C7662ECEDF620062B84A;
			minimizedProjectReferenceProxies = 1;
			preferredProjectObjectVersion = 77;
			productRefGroup = DD97C7702ECEDF620062B84A /* Products */;
			projectDirPath = "";
			projectRoot = "";
			targets = (
				DD97C76E2ECEDF620062B84A /* Audioo */,
				DD97C77B2ECEDF640062B84A /* AudiooTests */,
				DD97C7852ECEDF640062B84A /* AudiooUITests */,
			);
		};
/* End PBXProject section */

/* Begin PBXResourcesBuildPhase section */
		DD97C76D2ECEDF620062B84A /* Resources */ = {
			isa = PBXResourcesBuildPhase;
			buildActionMask = 2147483647;
			files = (
			);
			runOnlyForDeploymentPostprocessing = 0;
		};
		DD97C77A2ECEDF640062B84A /* Resources */ = {
			isa = PBXResourcesBuildPhase;
			buildActionMask = 2147483647;
			files = (
			);
			runOnlyForDeploymentPostprocessing = 0;
		};
		DD97C7842ECEDF640062B84A /* Resources */ = {
			isa = PBXResourcesBuildPhase;
			buildActionMask = 2147483647;
			files = (
			);
			runOnlyForDeploymentPostprocessing = 0;
		};
/* End PBXResourcesBuildPhase section */

/* Begin PBXSourcesBuildPhase section */
		DD97C76B2ECEDF620062B84A /* Sources */ = {
			isa = PBXSourcesBuildPhase;
			buildActionMask = 2147483647;
			files = (
			);
			runOnlyForDeploymentPostprocessing = 0;
		};
		DD97C7782ECEDF640062B84A /* Sources */ = {
			isa = PBXSourcesBuildPhase;
			buildActionMask = 2147483647;
			files = (
			);
			runOnlyForDeploymentPostprocessing = 0;
		};
		DD97C7822ECEDF640062B84A /* Sources */ = {
			isa = PBXSourcesBuildPhase;
			buildActionMask = 2147483647;
			files = (
			);
			runOnlyForDeploymentPostprocessing = 0;
		};
/* End PBXSourcesBuildPhase section */

/* Begin PBXTargetDependency section */
		DD97C77E2ECEDF640062B84A /* PBXTargetDependency */ = {
			isa = PBXTargetDependency;
			target = DD97C76E2ECEDF620062B84A /* Audioo */;
			targetProxy = DD97C77D2ECEDF640062B84A /* PBXContainerItemProxy */;
		};
		DD97C7882ECEDF640062B84A /* PBXTargetDependency */ = {
			isa = PBXTargetDependency;
			target = DD97C76E2ECEDF620062B84A /* Audioo */;
			targetProxy = DD97C7872ECEDF640062B84A /* PBXContainerItemProxy */;
		};
/* End PBXTargetDependency section */

/* Begin XCBuildConfiguration section */
		DD97C78E2ECEDF640062B84A /* Debug */ = {
			isa = XCBuildConfiguration;
			buildSettings = {
				ALWAYS_SEARCH_USER_PATHS = NO;
				ASSETCATALOG_COMPILER_GENERATE_SWIFT_ASSET_SYMBOL_EXTENSIONS = YES;
				CLANG_ANALYZER_NONNULL = YES;
				CLANG_ANALYZER_NUMBER_OBJECT_CONVERSION = YES_AGGRESSIVE;
				CLANG_CXX_LANGUAGE_STANDARD = "gnu++20";
				CLANG_ENABLE_MODULES = YES;
				CLANG_ENABLE_OBJC_ARC = YES;
				CLANG_ENABLE_OBJC_WEAK = YES;
				CLANG_WARN_BLOCK_CAPTURE_AUTORELEASING = YES;
				CLANG_WARN_BOOL_CONVERSION = YES;
				CLANG_WARN_COMMA = YES;
				CLANG_WARN_CONSTANT_CONVERSION = YES;
				CLANG_WARN_DEPRECATED_OBJC_IMPLEMENTATIONS = YES;
				CLANG_WARN_DIRECT_OBJC_ISA_USAGE = YES_ERROR;
				CLANG_WARN_DOCUMENTATION_COMMENTS = YES;
				CLANG_WARN_EMPTY_BODY = YES;
				CLANG_WARN_ENUM_CONVERSION = YES;
				CLANG_WARN_INFINITE_RECURSION = YES;
				CLANG_WARN_INT_CONVERSION = YES;
				CLANG_WARN_NON_LITERAL_NULL_CONVERSION = YES;
				CLANG_WARN_OBJC_IMPLICIT_RETAIN_SELF = YES;
				CLANG_WARN_OBJC_LITERAL_CONVERSION = YES;
				CLANG_WARN_OBJC_ROOT_CLASS = YES_ERROR;
				CLANG_WARN_QUOTED_INCLUDE_IN_FRAMEWORK_HEADER = YES;
				CLANG_WARN_RANGE_LOOP_ANALYSIS = YES;
				CLANG_WARN_STRICT_PROTOTYPES = YES;
				CLANG_WARN_SUSPICIOUS_MOVE = YES;
				CLANG_WARN_UNGUARDED_AVAILABILITY = YES_AGGRESSIVE;
				CLANG_WARN_UNREACHABLE_CODE = YES;
				CLANG_WARN__DUPLICATE_METHOD_MATCH = YES;
				COPY_PHASE_STRIP = NO;
				DEBUG_INFORMATION_FORMAT = dwarf;
				DEVELOPMENT_TEAM = CDKSANPVG9;
				ENABLE_STRICT_OBJC_MSGSEND = YES;
				ENABLE_TESTABILITY = YES;
				ENABLE_USER_SCRIPT_SANDBOXING = YES;
				GCC_C_LANGUAGE_STANDARD = gnu17;
				GCC_DYNAMIC_NO_PIC = NO;
				GCC_NO_COMMON_BLOCKS = YES;
				GCC_OPTIMIZATION_LEVEL = 0;
				GCC_PREPROCESSOR_DEFINITIONS = (
					"DEBUG=1",
					"$(inherited)",
				);
				GCC_WARN_64_TO_32_BIT_CONVERSION = YES;
				GCC_WARN_ABOUT_RETURN_TYPE = YES_ERROR;
				GCC_WARN_UNDECLARED_SELECTOR = YES;
				GCC_WARN_UNINITIALIZED_AUTOS = YES_AGGRESSIVE;
				GCC_WARN_UNUSED_FUNCTION = YES;
				GCC_WARN_UNUSED_VARIABLE = YES;
				IPHONEOS_DEPLOYMENT_TARGET = 18.4;
				LOCALIZATION_PREFERS_STRING_CATALOGS = YES;
				MTL_ENABLE_DEBUG_INFO = INCLUDE_SOURCE;
				MTL_FAST_MATH = YES;
				ONLY_ACTIVE_ARCH = YES;
				SDKROOT = iphoneos;
				SWIFT_ACTIVE_COMPILATION_CONDITIONS = "DEBUG $(inherited)";
				SWIFT_OPTIMIZATION_LEVEL = "-Onone";
			};
			name = Debug;
		};
		DD97C78F2ECEDF640062B84A /* Release */ = {
			isa = XCBuildConfiguration;
			buildSettings = {
				ALWAYS_SEARCH_USER_PATHS = NO;
				ASSETCATALOG_COMPILER_GENERATE_SWIFT_ASSET_SYMBOL_EXTENSIONS = YES;
				CLANG_ANALYZER_NONNULL = YES;
				CLANG_ANALYZER_NUMBER_OBJECT_CONVERSION = YES_AGGRESSIVE;
				CLANG_CXX_LANGUAGE_STANDARD = "gnu++20";
				CLANG_ENABLE_MODULES = YES;
				CLANG_ENABLE_OBJC_ARC = YES;
				CLANG_ENABLE_OBJC_WEAK = YES;
				CLANG_WARN_BLOCK_CAPTURE_AUTORELEASING = YES;
				CLANG_WARN_BOOL_CONVERSION = YES;
				CLANG_WARN_COMMA = YES;
				CLANG_WARN_CONSTANT_CONVERSION = YES;
				CLANG_WARN_DEPRECATED_OBJC_IMPLEMENTATIONS = YES;
				CLANG_WARN_DIRECT_OBJC_ISA_USAGE = YES_ERROR;
				CLANG_WARN_DOCUMENTATION_COMMENTS = YES;
				CLANG_WARN_EMPTY_BODY = YES;
				CLANG_WARN_ENUM_CONVERSION = YES;
				CLANG_WARN_INFINITE_RECURSION = YES;
				CLANG_WARN_INT_CONVERSION = YES;
				CLANG_WARN_NON_LITERAL_NULL_CONVERSION = YES;
				CLANG_WARN_OBJC_IMPLICIT_RETAIN_SELF = YES;
				CLANG_WARN_OBJC_LITERAL_CONVERSION = YES;
				CLANG_WARN_OBJC_ROOT_CLASS = YES_ERROR;
				CLANG_WARN_QUOTED_INCLUDE_IN_FRAMEWORK_HEADER = YES;
				CLANG_WARN_RANGE_LOOP_ANALYSIS = YES;
				CLANG_WARN_STRICT_PROTOTYPES = YES;
				CLANG_WARN_SUSPICIOUS_MOVE = YES;
				CLANG_WARN_UNGUARDED_AVAILABILITY = YES_AGGRESSIVE;
				CLANG_WARN_UNREACHABLE_CODE = YES;
				CLANG_WARN__DUPLICATE_METHOD_MATCH = YES;
				COPY_PHASE_STRIP = NO;
				DEBUG_INFORMATION_FORMAT = "dwarf-with-dsym";
				DEVELOPMENT_TEAM = CDKSANPVG9;
				ENABLE_NS_ASSERTIONS = NO;
				ENABLE_STRICT_OBJC_MSGSEND = YES;
				ENABLE_USER_SCRIPT_SANDBOXING = YES;
				GCC_C_LANGUAGE_STANDARD = gnu17;
				GCC_NO_COMMON_BLOCKS = YES;
				GCC_WARN_64_TO_32_BIT_CONVERSION = YES;
				GCC_WARN_ABOUT_RETURN_TYPE = YES_ERROR;
				GCC_WARN_UNDECLARED_SELECTOR = YES;
				GCC_WARN_UNINITIALIZED_AUTOS = YES_AGGRESSIVE;
				GCC_WARN_UNUSED_FUNCTION = YES;
				GCC_WARN_UNUSED_VARIABLE = YES;
				IPHONEOS_DEPLOYMENT_TARGET = 18.4;
				LOCALIZATION_PREFERS_STRING_CATALOGS = YES;
				MTL_ENABLE_DEBUG_INFO = NO;
				MTL_FAST_MATH = YES;
				SDKROOT = iphoneos;
				SWIFT_COMPILATION_MODE = wholemodule;
				VALIDATE_PRODUCT = YES;
			};
			name = Release;
		};
		DD97C7912ECEDF640062B84A /* Debug */ = {
			isa = XCBuildConfiguration;
			buildSettings = {
				ASSETCATALOG_COMPILER_APPICON_NAME = AppIcon;
				ASSETCATALOG_COMPILER_GLOBAL_ACCENT_COLOR_NAME = AccentColor;
				CODE_SIGN_STYLE = Automatic;
				CURRENT_PROJECT_VERSION = 1;
				DEVELOPMENT_TEAM = CDKSANPVG9;
				ENABLE_PREVIEWS = YES;
				GENERATE_INFOPLIST_FILE = YES;
				INFOPLIST_KEY_NSPhotoLibraryAddUsageDescription = "We need access to save processed videos to your photo library.";
				INFOPLIST_KEY_NSPhotoLibraryUsageDescription = "We need access to your photo library to import videos for audio processing.";
				INFOPLIST_KEY_UIApplicationSceneManifest_Generation = YES;
				INFOPLIST_KEY_UIApplicationSupportsIndirectInputEvents = YES;
				INFOPLIST_KEY_UILaunchScreen_Generation = YES;
				INFOPLIST_KEY_UISupportedInterfaceOrientations_iPad = "UIInterfaceOrientationPortrait UIInterfaceOrientationPortraitUpsideDown UIInterfaceOrientationLandscapeLeft UIInterfaceOrientationLandscapeRight";
				INFOPLIST_KEY_UISupportedInterfaceOrientations_iPhone = "UIInterfaceOrientationPortrait UIInterfaceOrientationLandscapeLeft UIInterfaceOrientationLandscapeRight";
				LD_RUNPATH_SEARCH_PATHS = (
					"$(inherited)",
					"@executable_path/Frameworks",
				);
				MARKETING_VERSION = 1.0;
				PRODUCT_BUNDLE_IDENTIFIER = joedesign.Audioo;
				PRODUCT_NAME = "$(TARGET_NAME)";
				SWIFT_EMIT_LOC_STRINGS = YES;
				SWIFT_VERSION = 5.0;
				TARGETED_DEVICE_FAMILY = "1,2";
			};
			name = Debug;
		};
		DD97C7922ECEDF640062B84A /* Release */ = {
			isa = XCBuildConfiguration;
			buildSettings = {
				ASSETCATALOG_COMPILER_APPICON_NAME = AppIcon;
				ASSETCATALOG_COMPILER_GLOBAL_ACCENT_COLOR_NAME = AccentColor;
				CODE_SIGN_STYLE = Automatic;
				CURRENT_PROJECT_VERSION = 1;
				DEVELOPMENT_TEAM = CDKSANPVG9;
				ENABLE_PREVIEWS = YES;
				GENERATE_INFOPLIST_FILE = YES;
				INFOPLIST_KEY_NSPhotoLibraryAddUsageDescription = "We need access to save processed videos to your photo library.";
				INFOPLIST_KEY_NSPhotoLibraryUsageDescription = "We need access to your photo library to import videos for audio processing.";
				INFOPLIST_KEY_UIApplicationSceneManifest_Generation = YES;
				INFOPLIST_KEY_UIApplicationSupportsIndirectInputEvents = YES;
				INFOPLIST_KEY_UILaunchScreen_Generation = YES;
				INFOPLIST_KEY_UISupportedInterfaceOrientations_iPad = "UIInterfaceOrientationPortrait UIInterfaceOrientationPortraitUpsideDown UIInterfaceOrientationLandscapeLeft UIInterfaceOrientationLandscapeRight";
				INFOPLIST_KEY_UISupportedInterfaceOrientations_iPhone = "UIInterfaceOrientationPortrait UIInterfaceOrientationLandscapeLeft UIInterfaceOrientationLandscapeRight";
				LD_RUNPATH_SEARCH_PATHS = (
					"$(inherited)",
					"@executable_path/Frameworks",
				);
				MARKETING_VERSION = 1.0;
				PRODUCT_BUNDLE_IDENTIFIER = joedesign.Audioo;
				PRODUCT_NAME = "$(TARGET_NAME)";
				SWIFT_EMIT_LOC_STRINGS = YES;
				SWIFT_VERSION = 5.0;
				TARGETED_DEVICE_FAMILY = "1,2";
			};
			name = Release;
		};
		DD97C7942ECEDF640062B84A /* Debug */ = {
			isa = XCBuildConfiguration;
			buildSettings = {
				BUNDLE_LOADER = "$(TEST_HOST)";
				CODE_SIGN_STYLE = Automatic;
				CURRENT_PROJECT_VERSION = 1;
				DEVELOPMENT_TEAM = CDKSANPVG9;
				GENERATE_INFOPLIST_FILE = YES;
				IPHONEOS_DEPLOYMENT_TARGET = 18.4;
				MARKETING_VERSION = 1.0;
				PRODUCT_BUNDLE_IDENTIFIER = joedesign.AudiooTests;
				PRODUCT_NAME = "$(TARGET_NAME)";
				SWIFT_EMIT_LOC_STRINGS = NO;
				SWIFT_VERSION = 5.0;
				TARGETED_DEVICE_FAMILY = "1,2";
				TEST_HOST = "$(BUILT_PRODUCTS_DIR)/Audioo.app/$(BUNDLE_EXECUTABLE_FOLDER_PATH)/Audioo";
			};
			name = Debug;
		};
		DD97C7952ECEDF640062B84A /* Release */ = {
			isa = XCBuildConfiguration;
			buildSettings = {
				BUNDLE_LOADER = "$(TEST_HOST)";
				CODE_SIGN_STYLE = Automatic;
				CURRENT_PROJECT_VERSION = 1;
				DEVELOPMENT_TEAM = CDKSANPVG9;
				GENERATE_INFOPLIST_FILE = YES;
				IPHONEOS_DEPLOYMENT_TARGET = 18.4;
				MARKETING_VERSION = 1.0;
				PRODUCT_BUNDLE_IDENTIFIER = joedesign.AudiooTests;
				PRODUCT_NAME = "$(TARGET_NAME)";
				SWIFT_EMIT_LOC_STRINGS = NO;
				SWIFT_VERSION = 5.0;
				TARGETED_DEVICE_FAMILY = "1,2";
				TEST_HOST = "$(BUILT_PRODUCTS_DIR)/Audioo.app/$(BUNDLE_EXECUTABLE_FOLDER_PATH)/Audioo";
			};
			name = Release;
		};
		DD97C7972ECEDF640062B84A /* Debug */ = {
			isa = XCBuildConfiguration;
			buildSettings = {
				CODE_SIGN_STYLE = Automatic;
				CURRENT_PROJECT_VERSION = 1;
				DEVELOPMENT_TEAM = CDKSANPVG9;
				GENERATE_INFOPLIST_FILE = YES;
				MARKETING_VERSION = 1.0;
				PRODUCT_BUNDLE_IDENTIFIER = joedesign.AudiooUITests;
				PRODUCT_NAME = "$(TARGET_NAME)";
				SWIFT_EMIT_LOC_STRINGS = NO;
				SWIFT_VERSION = 5.0;
				TARGETED_DEVICE_FAMILY = "1,2";
				TEST_TARGET_NAME = Audioo;
			};
			name = Debug;
		};
		DD97C7982ECEDF640062B84A /* Release */ = {
			isa = XCBuildConfiguration;
			buildSettings = {
				CODE_SIGN_STYLE = Automatic;
				CURRENT_PROJECT_VERSION = 1;
				DEVELOPMENT_TEAM = CDKSANPVG9;
				GENERATE_INFOPLIST_FILE = YES;
				MARKETING_VERSION = 1.0;
				PRODUCT_BUNDLE_IDENTIFIER = joedesign.AudiooUITests;
				PRODUCT_NAME = "$(TARGET_NAME)";
				SWIFT_EMIT_LOC_STRINGS = NO;
				SWIFT_VERSION = 5.0;
				TARGETED_DEVICE_FAMILY = "1,2";
				TEST_TARGET_NAME = Audioo;
			};
			name = Release;
		};
/* End XCBuildConfiguration section */

/* Begin XCConfigurationList section */
		DD97C76A2ECEDF620062B84A /* Build configuration list for PBXProject "Audioo" */ = {
			isa = XCConfigurationList;
			buildConfigurations = (
				DD97C78E2ECEDF640062B84A /* Debug */,
				DD97C78F2ECEDF640062B84A /* Release */,
			);
			defaultConfigurationIsVisible = 0;
			defaultConfigurationName = Release;
		};
		DD97C7902ECEDF640062B84A /* Build configuration list for PBXNativeTarget "Audioo" */ = {
			isa = XCConfigurationList;
			buildConfigurations = (
				DD97C7912ECEDF640062B84A /* Debug */,
				DD97C7922ECEDF640062B84A /* Release */,
			);
			defaultConfigurationIsVisible = 0;
			defaultConfigurationName = Release;
		};
		DD97C7932ECEDF640062B84A /* Build configuration list for PBXNativeTarget "AudiooTests" */ = {
			isa = XCConfigurationList;
			buildConfigurations = (
				DD97C7942ECEDF640062B84A /* Debug */,
				DD97C7952ECEDF640062B84A /* Release */,
			);
			defaultConfigurationIsVisible = 0;
			defaultConfigurationName = Release;
		};
		DD97C7962ECEDF640062B84A /* Build configuration list for PBXNativeTarget "AudiooUITests" */ = {
			isa = XCConfigurationList;
			buildConfigurations = (
				DD97C7972ECEDF640062B84A /* Debug */,
				DD97C7982ECEDF640062B84A /* Release */,
			);
			defaultConfigurationIsVisible = 0;
			defaultConfigurationName = Release;
		};
/* End XCConfigurationList section */
	};
	rootObject = DD97C7672ECEDF620062B84A /* Project object */;
}
